
Microsoft Visual Studio Solution File, Format Version 12.00
# Visual Studio Version 16
VisualStudioVersion = 16.0.31515.178
MinimumVisualStudioVersion = 10.0.40219.1
Project("{9A19103F-16F7-4668-BE54-9A1E7A4F7556}") = "KampIntro", "KampIntro\KampIntro.csproj", "{4EB2D6BD-EAA5-438F-91DA-9234C02C288D}"
EndProject
Project("{9A19103F-16F7-4668-BE54-9A1E7A4F7556}") = "Donguler", "Donguler\Donguler.csproj", "{B6C9028C-F2F6-41A5-9BDC-51FE985C62B3}"
EndProject
Project("{9A19103F-16F7-4668-BE54-9A1E7A4F7556}") = "ClassIntro", "ClassIntro\ClassIntro.csproj", "{97C67E22-2C1F-41CD-80FD-0AA617E8807E}"
EndProject
Project("{9A19103F-16F7-4668-BE54-9A1E7A4F7556}") = "Metotlar", "Metotlar\Metotlar.csproj", "{88585A74-27B9-45F3-9F7F-088705763D8B}"
EndProject
Project("{9A19103F-16F7-4668-BE54-9A1E7A4F7556}") = "Matematik", "Matematik\Matematik.csproj", "{20F1C35F-D74D-496C-951B-006BF376D4E3}"
EndProject
Project("{9A19103F-16F7-4668-BE54-9A1E7A4F7556}") = "DegerVeReferansTipler", "DegerVeReferansTipler\DegerVeReferansTipler.csproj", "{14C8B37F-B560-4C72-A337-1A9FD3A167A1}"
EndProject
Project("{9A19103F-16F7-4668-BE54-9A1E7A4F7556}") = "OOP1", "OOP1\OOP1.csproj", "{44450590-BE5A-4929-8494-C07ED905AFE5}"
EndProject
Project("{FAE04EC0-301F-11D3-BF4B-00C04F79EFBC}") = "Koleksiyonlar", "Koleksiyonlar\Koleksiyonlar.csproj", "{2BAE6941-2486-45F8-ABAB-5FC13FDABBCB}"
EndProject
Project("{FAE04EC0-301F-11D3-BF4B-00C04F79EFBC}") = "GenericsIntro", "GenericsIntro\GenericsIntro.csproj", "{025C67C4-1B92-4D3C-95F0-153D8104C73F}"
EndProject
Global
	GlobalSection(SolutionConfigurationPlatforms) = preSolution
		Debug|Any CPU = Debug|Any CPU
		Release|Any CPU = Release|Any CPU
	EndGlobalSection
	GlobalSection(ProjectConfigurationPlatforms) = postSolution
		{4EB2D6BD-EAA5-438F-91DA-9234C02C288D}.Debug|Any CPU.ActiveCfg = Debug|Any CPU
		{4EB2D6BD-EAA5-438F-91DA-9234C02C288D}.Debug|Any CPU.Build.0 = Debug|Any CPU
		{4EB2D6BD-EAA5-438F-91DA-9234C02C288D}.Release|Any CPU.ActiveCfg = Release|Any CPU
		{4EB2D6BD-EAA5-438F-91DA-9234C02C288D}.Release|Any CPU.Build.0 = Release|Any CPU
		{B6C9028C-F2F6-41A5-9BDC-51FE985C62B3}.Debug|Any CPU.ActiveCfg = Debug|Any CPU
		{B6C9028C-F2F6-41A5-9BDC-51FE985C62B3}.Debug|Any CPU.Build.0 = Debug|Any CPU
		{B6C9028C-F2F6-41A5-9BDC-51FE985C62B3}.Release|Any CPU.ActiveCfg = Release|Any CPU
		{B6C9028C-F2F6-41A5-9BDC-51FE985C62B3}.Release|Any CPU.Build.0 = Release|Any CPU
		{97C67E22-2C1F-41CD-80FD-0AA617E8807E}.Debug|Any CPU.ActiveCfg = Debug|Any CPU
		{97C67E22-2C1F-41CD-80FD-0AA617E8807E}.Debug|Any CPU.Build.0 = Debug|Any CPU
		{97C67E22-2C1F-41CD-80FD-0AA617E8807E}.Release|Any CPU.ActiveCfg = Release|Any CPU
		{97C67E22-2C1F-41CD-80FD-0AA617E8807E}.Release|Any CPU.Build.0 = Release|Any CPU
		{88585A74-27B9-45F3-9F7F-088705763D8B}.Debug|Any CPU.ActiveCfg = Debug|Any CPU
		{88585A74-27B9-45F3-9F7F-088705763D8B}.Debug|Any CPU.Build.0 = Debug|Any CPU
		{88585A74-27B9-45F3-9F7F-088705763D8B}.Release|Any CPU.ActiveCfg = Release|Any CPU
		{88585A74-27B9-45F3-9F7F-088705763D8B}.Release|Any CPU.Build.0 = Release|Any CPU
		{20F1C35F-D74D-496C-951B-006BF376D4E3}.Debug|Any CPU.ActiveCfg = Debug|Any CPU
		{20F1C35F-D74D-496C-951B-006BF376D4E3}.Debug|Any CPU.Build.0 = Debug|Any CPU
		{20F1C35F-D74D-496C-951B-006BF376D4E3}.Release|Any CPU.ActiveCfg = Release|Any CPU
		{20F1C35F-D74D-496C-951B-006BF376D4E3}.Release|Any CPU.Build.0 = Release|Any CPU
		{14C8B37F-B560-4C72-A337-1A9FD3A167A1}.Debug|Any CPU.ActiveCfg = Debug|Any CPU
		{14C8B37F-B560-4C72-A337-1A9FD3A167A1}.Debug|Any CPU.Build.0 = Debug|Any CPU
		{14C8B37F-B560-4C72-A337-1A9FD3A167A1}.Release|Any CPU.ActiveCfg = Release|Any CPU
		{14C8B37F-B560-4C72-A337-1A9FD3A167A1}.Release|Any CPU.Build.0 = Release|Any CPU
		{44450590-BE5A-4929-8494-C07ED905AFE5}.Debug|Any CPU.ActiveCfg = Debug|Any CPU
		{44450590-BE5A-4929-8494-C07ED905AFE5}.Debug|Any CPU.Build.0 = Debug|Any CPU
		{44450590-BE5A-4929-8494-C07ED905AFE5}.Release|Any CPU.ActiveCfg = Release|Any CPU
		{44450590-BE5A-4929-8494-C07ED905AFE5}.Release|Any CPU.Build.0 = Release|Any CPU
		{2BAE6941-2486-45F8-ABAB-5FC13FDABBCB}.Debug|Any CPU.ActiveCfg = Debug|Any CPU
		{2BAE6941-2486-45F8-ABAB-5FC13FDABBCB}.Debug|Any CPU.Build.0 = Debug|Any CPU
		{2BAE6941-2486-45F8-ABAB-5FC13FDABBCB}.Release|Any CPU.ActiveCfg = Release|Any CPU
		{2BAE6941-2486-45F8-ABAB-5FC13FDABBCB}.Release|Any CPU.Build.0 = Release|Any CPU
		{025C67C4-1B92-4D3C-95F0-153D8104C73F}.Debug|Any CPU.ActiveCfg = Debug|Any CPU
		{025C67C4-1B92-4D3C-95F0-153D8104C73F}.Debug|Any CPU.Build.0 = Debug|Any CPU
		{025C67C4-1B92-4D3C-95F0-153D8104C73F}.Release|Any CPU.ActiveCfg = Release|Any CPU
		{025C67C4-1B92-4D3C-95F0-153D8104C73F}.Release|Any CPU.Build.0 = Release|Any CPU
	EndGlobalSection
	GlobalSection(SolutionProperties) = preSolution
		HideSolutionNode = FALSE
	EndGlobalSection
	GlobalSection(ExtensibilityGlobals) = postSolution
		SolutionGuid = {EC2C2D55-B86E-4318-8A50-036B6664EDC7}
	EndGlobalSection
EndGlobal
